
Microsoft Visual Studio Solution File, Format Version 12.00
# Visual Studio Version 16
VisualStudioVersion = 16.0.29920.165
MinimumVisualStudioVersion = 10.0.40219.1
Project("{FAE04EC0-301F-11D3-BF4B-00C04F79EFBC}") = "Actividad 2 RoundRobin", "Actividad 2 RoundRobin.csproj", "{F594F32B-3C8C-4BFE-A049-10188C5A0138}"
EndProject
Global
	GlobalSection(SolutionConfigurationPlatforms) = preSolution
		Debug|Any CPU = Debug|Any CPU
		Release|Any CPU = Release|Any CPU
	EndGlobalSection
	GlobalSection(ProjectConfigurationPlatforms) = postSolution
		{F594F32B-3C8C-4BFE-A049-10188C5A0138}.Debug|Any CPU.ActiveCfg = Debug|Any CPU
		{F594F32B-3C8C-4BFE-A049-10188C5A0138}.Debug|Any CPU.Build.0 = Debug|Any CPU
		{F594F32B-3C8C-4BFE-A049-10188C5A0138}.Release|Any CPU.ActiveCfg = Release|Any CPU
		{F594F32B-3C8C-4BFE-A049-10188C5A0138}.Release|Any CPU.Build.0 = Release|Any CPU
	EndGlobalSection
	GlobalSection(SolutionProperties) = preSolution
		HideSolutionNode = FALSE
	EndGlobalSection
	GlobalSection(ExtensibilityGlobals) = postSolution
		SolutionGuid = {750834C5-9D64-4747-926F-D45268A4A501}
	EndGlobalSection
EndGlobal
